// !$*UTF8*$!
{
	archiveVersion = 1;
	classes = {
	};
	objectVersion = 55;
	objects = {

/* Begin PBXBuildFile section */
		9332C0D7273F1DA6003AF377 /* PokemonService.swift in Sources */ = {isa = PBXBuildFile; fileRef = 9332C0D6273F1DA6003AF377 /* PokemonService.swift */; };
		9332C0E0273F2A36003AF377 /* Color.swift in Sources */ = {isa = PBXBuildFile; fileRef = 9332C0DF273F2A36003AF377 /* Color.swift */; };
		9332C0E8273F3219003AF377 /* SpriteLoader.swift in Sources */ = {isa = PBXBuildFile; fileRef = 9332C0E7273F3219003AF377 /* SpriteLoader.swift */; };
		9332C0EA273F51E1003AF377 /* AsyncSpriteView.swift in Sources */ = {isa = PBXBuildFile; fileRef = 9332C0E9273F51E1003AF377 /* AsyncSpriteView.swift */; };
		9332C0F2273F5454003AF377 /* UIImage.swift in Sources */ = {isa = PBXBuildFile; fileRef = 9332C0F1273F5454003AF377 /* UIImage.swift */; };
		9396D23A273EBBED00AF0C94 /* PokedexUIApp.swift in Sources */ = {isa = PBXBuildFile; fileRef = 9396D239273EBBED00AF0C94 /* PokedexUIApp.swift */; };
		9396D23C273EBBED00AF0C94 /* PokedexView.swift in Sources */ = {isa = PBXBuildFile; fileRef = 9396D23B273EBBED00AF0C94 /* PokedexView.swift */; };
		9396D23E273EBBEE00AF0C94 /* Assets.xcassets in Resources */ = {isa = PBXBuildFile; fileRef = 9396D23D273EBBEE00AF0C94 /* Assets.xcassets */; };
		9396D241273EBBEE00AF0C94 /* Preview Assets.xcassets in Resources */ = {isa = PBXBuildFile; fileRef = 9396D240273EBBEE00AF0C94 /* Preview Assets.xcassets */; };
		93F7F578274009B2002CEBB5 /* PokemonDetailView.swift in Sources */ = {isa = PBXBuildFile; fileRef = 93F7F577274009B2002CEBB5 /* PokemonDetailView.swift */; };
		D5011AA82E36C13E00A2F8EE /* PokedexGridView.swift in Sources */ = {isa = PBXBuildFile; fileRef = D5011AA72E36C13E00A2F8EE /* PokedexGridView.swift */; };
		D5164F712E226DFE00E3EC8D /* View.swift in Sources */ = {isa = PBXBuildFile; fileRef = D5164F702E226DFE00E3EC8D /* View.swift */; };
		D5164F732E22702000E3EC8D /* ItemDetailRowView.swift in Sources */ = {isa = PBXBuildFile; fileRef = D5164F722E22702000E3EC8D /* ItemDetailRowView.swift */; };
		D5164F752E22707700E3EC8D /* String.swift in Sources */ = {isa = PBXBuildFile; fileRef = D5164F742E22707700E3EC8D /* String.swift */; };
		D51DA2572E3409E900028782 /* GridLayout.swift in Sources */ = {isa = PBXBuildFile; fileRef = D51DA2562E3409E900028782 /* GridLayout.swift */; };
		D5329F3B2E29351500DC38B3 /* AudioPlayer.swift in Sources */ = {isa = PBXBuildFile; fileRef = D5329F3A2E29351400DC38B3 /* AudioPlayer.swift */; };
		D545C2F42E242F5E007F1BBA /* ItemDetailViewModel.swift in Sources */ = {isa = PBXBuildFile; fileRef = D545C2F32E242F5E007F1BBA /* ItemDetailViewModel.swift */; };
		D54F5AA22E1D9FF800411759 /* PokemonViewModel.swift in Sources */ = {isa = PBXBuildFile; fileRef = D54F5AA12E1D9FF800411759 /* PokemonViewModel.swift */; };
		D54F5AF22E1DA61400411759 /* PokedexViewModel.swift in Sources */ = {isa = PBXBuildFile; fileRef = D54F5AF12E1DA61400411759 /* PokedexViewModel.swift */; };
		D55130632E3C0B2A0004A44B /* AudioPlayerKey.swift in Sources */ = {isa = PBXBuildFile; fileRef = D55130622E3C0B2A0004A44B /* AudioPlayerKey.swift */; };
		D55130652E3C0B2D0004A44B /* HapticFeedbackKey.swift in Sources */ = {isa = PBXBuildFile; fileRef = D55130642E3C0B2D0004A44B /* HapticFeedbackKey.swift */; };
		D55130672E3C0BB10004A44B /* ImageColorAnalyzerKey.swift in Sources */ = {isa = PBXBuildFile; fileRef = D55130662E3C0BB10004A44B /* ImageColorAnalyzerKey.swift */; };
		D55130692E3C0BB20004A44B /* SpriteLoaderKey.swift in Sources */ = {isa = PBXBuildFile; fileRef = D55130682E3C0BB20004A44B /* SpriteLoaderKey.swift */; };
		D55D58092E204B80008F1B16 /* pixelmix.ttf in Resources */ = {isa = PBXBuildFile; fileRef = D55D58082E204B80008F1B16 /* pixelmix.ttf */; };
		D55D580C2E204BBC008F1B16 /* Font.swift in Sources */ = {isa = PBXBuildFile; fileRef = D55D580B2E204BBC008F1B16 /* Font.swift */; };
		D57366002E2110E000FE4ED0 /* ItemListViewModel.swift in Sources */ = {isa = PBXBuildFile; fileRef = D57365FF2E2110E000FE4ED0 /* ItemListViewModel.swift */; };
		D57366032E2114C100FE4ED0 /* Networking in Frameworks */ = {isa = PBXBuildFile; productRef = D57366022E2114C100FE4ED0 /* Networking */; };
		D57366072E2114E400FE4ED0 /* ItemRequest.swift in Sources */ = {isa = PBXBuildFile; fileRef = D57366062E2114E400FE4ED0 /* ItemRequest.swift */; };
		D57366092E2114E400FE4ED0 /* ItemModels.swift in Sources */ = {isa = PBXBuildFile; fileRef = D57366052E2114E400FE4ED0 /* ItemModels.swift */; };
		D573660C2E2115FA00FE4ED0 /* Endpoints.swift in Sources */ = {isa = PBXBuildFile; fileRef = D573660B2E2115FA00FE4ED0 /* Endpoints.swift */; };
		D57366162E21160900FE4ED0 /* PokemonRequest.swift in Sources */ = {isa = PBXBuildFile; fileRef = D57366112E21160900FE4ED0 /* PokemonRequest.swift */; };
		D57366192E2116B200FE4ED0 /* APIModels.swift in Sources */ = {isa = PBXBuildFile; fileRef = D57366182E2116B200FE4ED0 /* APIModels.swift */; };
		D573661B2E2176AC00FE4ED0 /* ItemService.swift in Sources */ = {isa = PBXBuildFile; fileRef = D573661A2E2176AC00FE4ED0 /* ItemService.swift */; };
		D573661D2E217D5700FE4ED0 /* APIService.swift in Sources */ = {isa = PBXBuildFile; fileRef = D573661C2E217D5700FE4ED0 /* APIService.swift */; };
		D5751CF22E363A1E0090FB5F /* SearchViewModel.swift in Sources */ = {isa = PBXBuildFile; fileRef = D5751CF12E363A1E0090FB5F /* SearchViewModel.swift */; };
		D5751CF62E3641EF0090FB5F /* SearchView.swift in Sources */ = {isa = PBXBuildFile; fileRef = D5751CF52E3641EF0090FB5F /* SearchView.swift */; };
		D57F261D2E3AF8F30099ADAE /* DataFetcher.swift in Sources */ = {isa = PBXBuildFile; fileRef = D57F261C2E3AF8F30099ADAE /* DataFetcher.swift */; };
		D58C0DFB2E398709003098EC /* BookmarksView.swift in Sources */ = {isa = PBXBuildFile; fileRef = D58C0DFA2E398709003098EC /* BookmarksView.swift */; };
		D58C0E022E3A26D0003098EC /* DataStorageReader.swift in Sources */ = {isa = PBXBuildFile; fileRef = D58C0E012E3A26D0003098EC /* DataStorageReader.swift */; };
		D58C0E062E3A6D63003098EC /* PokemonModels.swift in Sources */ = {isa = PBXBuildFile; fileRef = D58C0E052E3A6D63003098EC /* PokemonModels.swift */; };
		D58F8D992E3970F300BB9A45 /* SortType.swift in Sources */ = {isa = PBXBuildFile; fileRef = D58F8D982E3970F300BB9A45 /* SortType.swift */; };
		D58F9B032E1FC82800BB2D36 /* ItemListView.swift in Sources */ = {isa = PBXBuildFile; fileRef = D58F9B022E1FC82800BB2D36 /* ItemListView.swift */; };
		D5D4590E2E40F28600ADB89A /* PokemonDetailViewModel.swift in Sources */ = {isa = PBXBuildFile; fileRef = D5D4590D2E40F28600ADB89A /* PokemonDetailViewModel.swift */; };
		D5D503092E39305500AC4BC5 /* Tabs.swift in Sources */ = {isa = PBXBuildFile; fileRef = D5D503082E39305500AC4BC5 /* Tabs.swift */; };
		D5D5030B2E39344500AC4BC5 /* ViewModifiers.swift in Sources */ = {isa = PBXBuildFile; fileRef = D5D5030A2E39344500AC4BC5 /* ViewModifiers.swift */; };
		D5D6250D2E2194230030867D /* ItemDetailView.swift in Sources */ = {isa = PBXBuildFile; fileRef = D5D6250C2E2194230030867D /* ItemDetailView.swift */; };
		D5F41B762E256D5A000341D3 /* ItemRowView.swift in Sources */ = {isa = PBXBuildFile; fileRef = D5F41B752E256D5A000341D3 /* ItemRowView.swift */; };
		D5F6494B2E30F9D8004FBD18 /* ItemSpriteViewModel.swift in Sources */ = {isa = PBXBuildFile; fileRef = D5F6494A2E30F9D8004FBD18 /* ItemSpriteViewModel.swift */; };
		D5F6494D2E30FA82004FBD18 /* ItemSpriteView.swift in Sources */ = {isa = PBXBuildFile; fileRef = D5F6494C2E30FA82004FBD18 /* ItemSpriteView.swift */; };
		D5FED1BD2E3B973A0013D99B /* ImageColorAnalyzer.swift in Sources */ = {isa = PBXBuildFile; fileRef = D5FED1BC2E3B973A0013D99B /* ImageColorAnalyzer.swift */; };
/* End PBXBuildFile section */

/* Begin PBXFileReference section */
		9332C0D6273F1DA6003AF377 /* PokemonService.swift */ = {isa = PBXFileReference; lastKnownFileType = sourcecode.swift; path = PokemonService.swift; sourceTree = "<group>"; };
		9332C0DF273F2A36003AF377 /* Color.swift */ = {isa = PBXFileReference; lastKnownFileType = sourcecode.swift; path = Color.swift; sourceTree = "<group>"; };
		9332C0E7273F3219003AF377 /* SpriteLoader.swift */ = {isa = PBXFileReference; lastKnownFileType = sourcecode.swift; path = SpriteLoader.swift; sourceTree = "<group>"; };
		9332C0E9273F51E1003AF377 /* AsyncSpriteView.swift */ = {isa = PBXFileReference; lastKnownFileType = sourcecode.swift; path = AsyncSpriteView.swift; sourceTree = "<group>"; };
		9332C0F1273F5454003AF377 /* UIImage.swift */ = {isa = PBXFileReference; fileEncoding = 4; lastKnownFileType = sourcecode.swift; path = UIImage.swift; sourceTree = "<group>"; };
		9396D236273EBBED00AF0C94 /* PokedexUI.app */ = {isa = PBXFileReference; explicitFileType = wrapper.application; includeInIndex = 0; path = PokedexUI.app; sourceTree = BUILT_PRODUCTS_DIR; };
		9396D239273EBBED00AF0C94 /* PokedexUIApp.swift */ = {isa = PBXFileReference; lastKnownFileType = sourcecode.swift; path = PokedexUIApp.swift; sourceTree = "<group>"; };
		9396D23B273EBBED00AF0C94 /* PokedexView.swift */ = {isa = PBXFileReference; lastKnownFileType = sourcecode.swift; path = PokedexView.swift; sourceTree = "<group>"; };
		9396D23D273EBBEE00AF0C94 /* Assets.xcassets */ = {isa = PBXFileReference; lastKnownFileType = folder.assetcatalog; path = Assets.xcassets; sourceTree = "<group>"; };
		9396D240273EBBEE00AF0C94 /* Preview Assets.xcassets */ = {isa = PBXFileReference; lastKnownFileType = folder.assetcatalog; path = "Preview Assets.xcassets"; sourceTree = "<group>"; };
		93F7F577274009B2002CEBB5 /* PokemonDetailView.swift */ = {isa = PBXFileReference; lastKnownFileType = sourcecode.swift; path = PokemonDetailView.swift; sourceTree = "<group>"; };
		D5011AA72E36C13E00A2F8EE /* PokedexGridView.swift */ = {isa = PBXFileReference; lastKnownFileType = sourcecode.swift; path = PokedexGridView.swift; sourceTree = "<group>"; };
		D5164F702E226DFE00E3EC8D /* View.swift */ = {isa = PBXFileReference; lastKnownFileType = sourcecode.swift; path = View.swift; sourceTree = "<group>"; };
		D5164F722E22702000E3EC8D /* ItemDetailRowView.swift */ = {isa = PBXFileReference; lastKnownFileType = sourcecode.swift; path = ItemDetailRowView.swift; sourceTree = "<group>"; };
		D5164F742E22707700E3EC8D /* String.swift */ = {isa = PBXFileReference; lastKnownFileType = sourcecode.swift; path = String.swift; sourceTree = "<group>"; };
		D51DA2562E3409E900028782 /* GridLayout.swift */ = {isa = PBXFileReference; lastKnownFileType = sourcecode.swift; path = GridLayout.swift; sourceTree = "<group>"; };
		D5329F3A2E29351400DC38B3 /* AudioPlayer.swift */ = {isa = PBXFileReference; lastKnownFileType = sourcecode.swift; path = AudioPlayer.swift; sourceTree = "<group>"; };
		D545C2F32E242F5E007F1BBA /* ItemDetailViewModel.swift */ = {isa = PBXFileReference; lastKnownFileType = sourcecode.swift; path = ItemDetailViewModel.swift; sourceTree = "<group>"; };
		D54F5AA12E1D9FF800411759 /* PokemonViewModel.swift */ = {isa = PBXFileReference; lastKnownFileType = sourcecode.swift; path = PokemonViewModel.swift; sourceTree = "<group>"; };
		D54F5AF12E1DA61400411759 /* PokedexViewModel.swift */ = {isa = PBXFileReference; lastKnownFileType = sourcecode.swift; path = PokedexViewModel.swift; sourceTree = "<group>"; };
		D55130622E3C0B2A0004A44B /* AudioPlayerKey.swift */ = {isa = PBXFileReference; lastKnownFileType = sourcecode.swift; path = AudioPlayerKey.swift; sourceTree = "<group>"; };
		D55130642E3C0B2D0004A44B /* HapticFeedbackKey.swift */ = {isa = PBXFileReference; lastKnownFileType = sourcecode.swift; path = HapticFeedbackKey.swift; sourceTree = "<group>"; };
		D55130662E3C0BB10004A44B /* ImageColorAnalyzerKey.swift */ = {isa = PBXFileReference; lastKnownFileType = sourcecode.swift; path = ImageColorAnalyzerKey.swift; sourceTree = "<group>"; };
		D55130682E3C0BB20004A44B /* SpriteLoaderKey.swift */ = {isa = PBXFileReference; lastKnownFileType = sourcecode.swift; path = SpriteLoaderKey.swift; sourceTree = "<group>"; };
		D55D58082E204B80008F1B16 /* pixelmix.ttf */ = {isa = PBXFileReference; lastKnownFileType = file; path = pixelmix.ttf; sourceTree = "<group>"; };
		D55D580A2E204BA5008F1B16 /* Info.plist */ = {isa = PBXFileReference; lastKnownFileType = text.plist; path = Info.plist; sourceTree = "<group>"; };
		D55D580B2E204BBC008F1B16 /* Font.swift */ = {isa = PBXFileReference; lastKnownFileType = sourcecode.swift; path = Font.swift; sourceTree = "<group>"; };
		D57365FF2E2110E000FE4ED0 /* ItemListViewModel.swift */ = {isa = PBXFileReference; lastKnownFileType = sourcecode.swift; path = ItemListViewModel.swift; sourceTree = "<group>"; };
		D57366052E2114E400FE4ED0 /* ItemModels.swift */ = {isa = PBXFileReference; lastKnownFileType = sourcecode.swift; path = ItemModels.swift; sourceTree = "<group>"; };
		D57366062E2114E400FE4ED0 /* ItemRequest.swift */ = {isa = PBXFileReference; lastKnownFileType = sourcecode.swift; path = ItemRequest.swift; sourceTree = "<group>"; };
		D573660B2E2115FA00FE4ED0 /* Endpoints.swift */ = {isa = PBXFileReference; lastKnownFileType = sourcecode.swift; path = Endpoints.swift; sourceTree = "<group>"; };
		D57366112E21160900FE4ED0 /* PokemonRequest.swift */ = {isa = PBXFileReference; lastKnownFileType = sourcecode.swift; path = PokemonRequest.swift; sourceTree = "<group>"; };
		D57366182E2116B200FE4ED0 /* APIModels.swift */ = {isa = PBXFileReference; lastKnownFileType = sourcecode.swift; path = APIModels.swift; sourceTree = "<group>"; };
		D573661A2E2176AC00FE4ED0 /* ItemService.swift */ = {isa = PBXFileReference; lastKnownFileType = sourcecode.swift; path = ItemService.swift; sourceTree = "<group>"; };
		D573661C2E217D5700FE4ED0 /* APIService.swift */ = {isa = PBXFileReference; lastKnownFileType = sourcecode.swift; path = APIService.swift; sourceTree = "<group>"; };
		D5751CF12E363A1E0090FB5F /* SearchViewModel.swift */ = {isa = PBXFileReference; lastKnownFileType = sourcecode.swift; path = SearchViewModel.swift; sourceTree = "<group>"; };
		D5751CF52E3641EF0090FB5F /* SearchView.swift */ = {isa = PBXFileReference; lastKnownFileType = sourcecode.swift; path = SearchView.swift; sourceTree = "<group>"; };
		D57F261C2E3AF8F30099ADAE /* DataFetcher.swift */ = {isa = PBXFileReference; lastKnownFileType = sourcecode.swift; path = DataFetcher.swift; sourceTree = "<group>"; };
		D58C0DFA2E398709003098EC /* BookmarksView.swift */ = {isa = PBXFileReference; lastKnownFileType = sourcecode.swift; path = BookmarksView.swift; sourceTree = "<group>"; };
		D58C0E012E3A26D0003098EC /* DataStorageReader.swift */ = {isa = PBXFileReference; lastKnownFileType = sourcecode.swift; path = DataStorageReader.swift; sourceTree = "<group>"; };
		D58C0E052E3A6D63003098EC /* PokemonModels.swift */ = {isa = PBXFileReference; lastKnownFileType = sourcecode.swift; path = PokemonModels.swift; sourceTree = "<group>"; };
		D58F8D982E3970F300BB9A45 /* SortType.swift */ = {isa = PBXFileReference; lastKnownFileType = sourcecode.swift; path = SortType.swift; sourceTree = "<group>"; };
		D58F9B022E1FC82800BB2D36 /* ItemListView.swift */ = {isa = PBXFileReference; lastKnownFileType = sourcecode.swift; path = ItemListView.swift; sourceTree = "<group>"; };
		D5D4590D2E40F28600ADB89A /* PokemonDetailViewModel.swift */ = {isa = PBXFileReference; lastKnownFileType = sourcecode.swift; path = PokemonDetailViewModel.swift; sourceTree = "<group>"; };
		D5D503082E39305500AC4BC5 /* Tabs.swift */ = {isa = PBXFileReference; lastKnownFileType = sourcecode.swift; path = Tabs.swift; sourceTree = "<group>"; };
		D5D5030A2E39344500AC4BC5 /* ViewModifiers.swift */ = {isa = PBXFileReference; lastKnownFileType = sourcecode.swift; path = ViewModifiers.swift; sourceTree = "<group>"; };
		D5D6250C2E2194230030867D /* ItemDetailView.swift */ = {isa = PBXFileReference; lastKnownFileType = sourcecode.swift; path = ItemDetailView.swift; sourceTree = "<group>"; };
		D5F41B752E256D5A000341D3 /* ItemRowView.swift */ = {isa = PBXFileReference; lastKnownFileType = sourcecode.swift; path = ItemRowView.swift; sourceTree = "<group>"; };
		D5F6494A2E30F9D8004FBD18 /* ItemSpriteViewModel.swift */ = {isa = PBXFileReference; lastKnownFileType = sourcecode.swift; path = ItemSpriteViewModel.swift; sourceTree = "<group>"; };
		D5F6494C2E30FA82004FBD18 /* ItemSpriteView.swift */ = {isa = PBXFileReference; lastKnownFileType = sourcecode.swift; path = ItemSpriteView.swift; sourceTree = "<group>"; };
		D5FED1BC2E3B973A0013D99B /* ImageColorAnalyzer.swift */ = {isa = PBXFileReference; lastKnownFileType = sourcecode.swift; path = ImageColorAnalyzer.swift; sourceTree = "<group>"; };
/* End PBXFileReference section */

/* Begin PBXFrameworksBuildPhase section */
		9396D233273EBBED00AF0C94 /* Frameworks */ = {
			isa = PBXFrameworksBuildPhase;
			buildActionMask = 2147483647;
			files = (
				D57366032E2114C100FE4ED0 /* Networking in Frameworks */,
			);
			runOnlyForDeploymentPostprocessing = 0;
		};
/* End PBXFrameworksBuildPhase section */

/* Begin PBXGroup section */
		9332C0E1273F2A90003AF377 /* Extensions */ = {
			isa = PBXGroup;
			children = (
				D5D5030A2E39344500AC4BC5 /* ViewModifiers.swift */,
				9332C0F1273F5454003AF377 /* UIImage.swift */,
				D5164F742E22707700E3EC8D /* String.swift */,
				9332C0DF273F2A36003AF377 /* Color.swift */,
				D5164F702E226DFE00E3EC8D /* View.swift */,
				D55D580B2E204BBC008F1B16 /* Font.swift */,
			);
			path = Extensions;
			sourceTree = "<group>";
		};
		9332C0E6273F3178003AF377 /* API */ = {
			isa = PBXGroup;
			children = (
				D573661C2E217D5700FE4ED0 /* APIService.swift */,
				D57366182E2116B200FE4ED0 /* APIModels.swift */,
				D573660B2E2115FA00FE4ED0 /* Endpoints.swift */,
				D57366172E21160F00FE4ED0 /* Pokemon */,
				D573660A2E2115EE00FE4ED0 /* Items */,
			);
			path = API;
			sourceTree = "<group>";
		};
		9332C0F3273F6834003AF377 /* Misc */ = {
			isa = PBXGroup;
			children = (
				D551306A2E3C0CEC0004A44B /* EnvironmentValues */,
				D5FED1BC2E3B973A0013D99B /* ImageColorAnalyzer.swift */,
				D58C0E012E3A26D0003098EC /* DataStorageReader.swift */,
				D57F261C2E3AF8F30099ADAE /* DataFetcher.swift */,
				9332C0E7273F3219003AF377 /* SpriteLoader.swift */,
				D5329F3A2E29351400DC38B3 /* AudioPlayer.swift */,
				D51DA2562E3409E900028782 /* GridLayout.swift */,
				D58F8D982E3970F300BB9A45 /* SortType.swift */,
				D5D503082E39305500AC4BC5 /* Tabs.swift */,
			);
			path = Misc;
			sourceTree = "<group>";
		};
		9396D22D273EBBED00AF0C94 = {
			isa = PBXGroup;
			children = (
				9396D238273EBBED00AF0C94 /* PokedexUI */,
				9396D237273EBBED00AF0C94 /* Products */,
			);
			sourceTree = "<group>";
		};
		9396D237273EBBED00AF0C94 /* Products */ = {
			isa = PBXGroup;
			children = (
				9396D236273EBBED00AF0C94 /* PokedexUI.app */,
			);
			name = Products;
			sourceTree = "<group>";
		};
		9396D238273EBBED00AF0C94 /* PokedexUI */ = {
			isa = PBXGroup;
			children = (
				D55D580A2E204BA5008F1B16 /* Info.plist */,
				9396D239273EBBED00AF0C94 /* PokedexUIApp.swift */,
				D55D59152E2053FE008F1B16 /* PokedexView */,
				D5D4590F2E40F2D500ADB89A /* PokemonDetailView */,
				D55D59172E205420008F1B16 /* ItemListView */,
				D545C2F52E242FDA007F1BBA /* ItemDetailView */,
				D58C0DFC2E39951D003098EC /* BookmarksView */,
				D5751CF82E3642050090FB5F /* SearchView */,
				D55D59182E205429008F1B16 /* CustomUI */,
				D55D58082E204B80008F1B16 /* pixelmix.ttf */,
				9332C0F3273F6834003AF377 /* Misc */,
				9332C0E6273F3178003AF377 /* API */,
				9332C0E1273F2A90003AF377 /* Extensions */,
				9396D23D273EBBEE00AF0C94 /* Assets.xcassets */,
				9396D23F273EBBEE00AF0C94 /* Preview Content */,
			);
			path = PokedexUI;
			sourceTree = "<group>";
		};
		9396D23F273EBBEE00AF0C94 /* Preview Content */ = {
			isa = PBXGroup;
			children = (
				9396D240273EBBEE00AF0C94 /* Preview Assets.xcassets */,
			);
			path = "Preview Content";
			sourceTree = "<group>";
		};
		D545C2F52E242FDA007F1BBA /* ItemDetailView */ = {
			isa = PBXGroup;
			children = (
				D5D6250C2E2194230030867D /* ItemDetailView.swift */,
				D545C2F32E242F5E007F1BBA /* ItemDetailViewModel.swift */,
			);
			path = ItemDetailView;
			sourceTree = "<group>";
		};
		D551306A2E3C0CEC0004A44B /* EnvironmentValues */ = {
			isa = PBXGroup;
			children = (
				D55130662E3C0BB10004A44B /* ImageColorAnalyzerKey.swift */,
				D55130642E3C0B2D0004A44B /* HapticFeedbackKey.swift */,
				D55130682E3C0BB20004A44B /* SpriteLoaderKey.swift */,
				D55130622E3C0B2A0004A44B /* AudioPlayerKey.swift */,
			);
			path = EnvironmentValues;
			sourceTree = "<group>";
		};
		D55D59152E2053FE008F1B16 /* PokedexView */ = {
			isa = PBXGroup;
			children = (
				9396D23B273EBBED00AF0C94 /* PokedexView.swift */,
				D54F5AF12E1DA61400411759 /* PokedexViewModel.swift */,
				D54F5AA12E1D9FF800411759 /* PokemonViewModel.swift */,
			);
			path = PokedexView;
			sourceTree = "<group>";
		};
		D55D59172E205420008F1B16 /* ItemListView */ = {
			isa = PBXGroup;
			children = (
				D58F9B022E1FC82800BB2D36 /* ItemListView.swift */,
				D57365FF2E2110E000FE4ED0 /* ItemListViewModel.swift */,
			);
			path = ItemListView;
			sourceTree = "<group>";
		};
		D55D59182E205429008F1B16 /* CustomUI */ = {
			isa = PBXGroup;
			children = (
				9332C0E9273F51E1003AF377 /* AsyncSpriteView.swift */,
				D5011AA72E36C13E00A2F8EE /* PokedexGridView.swift */,
				D5164F722E22702000E3EC8D /* ItemDetailRowView.swift */,
				D5F41B752E256D5A000341D3 /* ItemRowView.swift */,
				D5D5030C2E393B8A00AC4BC5 /* ItemSpriteView */,
			);
			path = CustomUI;
			sourceTree = "<group>";
		};
		D573660A2E2115EE00FE4ED0 /* Items */ = {
			isa = PBXGroup;
			children = (
				D57366052E2114E400FE4ED0 /* ItemModels.swift */,
				D57366062E2114E400FE4ED0 /* ItemRequest.swift */,
				D573661A2E2176AC00FE4ED0 /* ItemService.swift */,
			);
			path = Items;
			sourceTree = "<group>";
		};
		D57366172E21160F00FE4ED0 /* Pokemon */ = {
			isa = PBXGroup;
			children = (
				D58C0E052E3A6D63003098EC /* PokemonModels.swift */,
				D57366112E21160900FE4ED0 /* PokemonRequest.swift */,
				9332C0D6273F1DA6003AF377 /* PokemonService.swift */,
			);
			path = Pokemon;
			sourceTree = "<group>";
		};
		D5751CF82E3642050090FB5F /* SearchView */ = {
			isa = PBXGroup;
			children = (
				D5751CF52E3641EF0090FB5F /* SearchView.swift */,
				D5751CF12E363A1E0090FB5F /* SearchViewModel.swift */,
			);
			path = SearchView;
			sourceTree = "<group>";
		};
		D58C0DFC2E39951D003098EC /* BookmarksView */ = {
			isa = PBXGroup;
			children = (
				D58C0DFA2E398709003098EC /* BookmarksView.swift */,
			);
			path = BookmarksView;
			sourceTree = "<group>";
		};
		D5D4590F2E40F2D500ADB89A /* PokemonDetailView */ = {
			isa = PBXGroup;
			children = (
				93F7F577274009B2002CEBB5 /* PokemonDetailView.swift */,
				D5D4590D2E40F28600ADB89A /* PokemonDetailViewModel.swift */,
			);
			path = PokemonDetailView;
			sourceTree = "<group>";
		};
		D5D5030C2E393B8A00AC4BC5 /* ItemSpriteView */ = {
			isa = PBXGroup;
			children = (
				D5F6494C2E30FA82004FBD18 /* ItemSpriteView.swift */,
				D5F6494A2E30F9D8004FBD18 /* ItemSpriteViewModel.swift */,
			);
			path = ItemSpriteView;
			sourceTree = "<group>";
		};
/* End PBXGroup section */

/* Begin PBXNativeTarget section */
		9396D235273EBBED00AF0C94 /* PokedexUI */ = {
			isa = PBXNativeTarget;
			buildConfigurationList = 9396D244273EBBEE00AF0C94 /* Build configuration list for PBXNativeTarget "PokedexUI" */;
			buildPhases = (
				9396D232273EBBED00AF0C94 /* Sources */,
				9396D233273EBBED00AF0C94 /* Frameworks */,
				9396D234273EBBED00AF0C94 /* Resources */,
			);
			buildRules = (
			);
			dependencies = (
			);
			name = PokedexUI;
			productName = SwiftUIPokedex;
			productReference = 9396D236273EBBED00AF0C94 /* PokedexUI.app */;
			productType = "com.apple.product-type.application";
		};
/* End PBXNativeTarget section */

/* Begin PBXProject section */
		9396D22E273EBBED00AF0C94 /* Project object */ = {
			isa = PBXProject;
			attributes = {
				BuildIndependentTargetsInParallel = 1;
				LastSwiftUpdateCheck = 1300;
				LastUpgradeCheck = 2620;
				TargetAttributes = {
					9396D235273EBBED00AF0C94 = {
						CreatedOnToolsVersion = 13.0;
					};
				};
			};
			buildConfigurationList = 9396D231273EBBED00AF0C94 /* Build configuration list for PBXProject "PokedexUI" */;
			compatibilityVersion = "Xcode 13.0";
			developmentRegion = en;
			hasScannedForEncodings = 0;
			knownRegions = (
				en,
				Base,
			);
			mainGroup = 9396D22D273EBBED00AF0C94;
			packageReferences = (
				D57366012E2114C100FE4ED0 /* XCRemoteSwiftPackageReference "Networking" */,
			);
			productRefGroup = 9396D237273EBBED00AF0C94 /* Products */;
			projectDirPath = "";
			projectRoot = "";
			targets = (
				9396D235273EBBED00AF0C94 /* PokedexUI */,
			);
		};
/* End PBXProject section */

/* Begin PBXResourcesBuildPhase section */
		9396D234273EBBED00AF0C94 /* Resources */ = {
			isa = PBXResourcesBuildPhase;
			buildActionMask = 2147483647;
			files = (
				9396D241273EBBEE00AF0C94 /* Preview Assets.xcassets in Resources */,
				9396D23E273EBBEE00AF0C94 /* Assets.xcassets in Resources */,
				D55D58092E204B80008F1B16 /* pixelmix.ttf in Resources */,
			);
			runOnlyForDeploymentPostprocessing = 0;
		};
/* End PBXResourcesBuildPhase section */

/* Begin PBXSourcesBuildPhase section */
		9396D232273EBBED00AF0C94 /* Sources */ = {
			isa = PBXSourcesBuildPhase;
			buildActionMask = 2147483647;
			files = (
				D5164F712E226DFE00E3EC8D /* View.swift in Sources */,
				D57F261D2E3AF8F30099ADAE /* DataFetcher.swift in Sources */,
				D5FED1BD2E3B973A0013D99B /* ImageColorAnalyzer.swift in Sources */,
				D57366192E2116B200FE4ED0 /* APIModels.swift in Sources */,
				D55130692E3C0BB20004A44B /* SpriteLoaderKey.swift in Sources */,
				D5011AA82E36C13E00A2F8EE /* PokedexGridView.swift in Sources */,
				D58C0E022E3A26D0003098EC /* DataStorageReader.swift in Sources */,
				9332C0EA273F51E1003AF377 /* AsyncSpriteView.swift in Sources */,
				9396D23C273EBBED00AF0C94 /* PokedexView.swift in Sources */,
				D58F9B032E1FC82800BB2D36 /* ItemListView.swift in Sources */,
				D5751CF22E363A1E0090FB5F /* SearchViewModel.swift in Sources */,
				D57366072E2114E400FE4ED0 /* ItemRequest.swift in Sources */,
				D5F6494D2E30FA82004FBD18 /* ItemSpriteView.swift in Sources */,
				D57366162E21160900FE4ED0 /* PokemonRequest.swift in Sources */,
				D5751CF62E3641EF0090FB5F /* SearchView.swift in Sources */,
				D57366092E2114E400FE4ED0 /* ItemModels.swift in Sources */,
				D5164F732E22702000E3EC8D /* ItemDetailRowView.swift in Sources */,
				9332C0E8273F3219003AF377 /* SpriteLoader.swift in Sources */,
				D5F41B762E256D5A000341D3 /* ItemRowView.swift in Sources */,
				93F7F578274009B2002CEBB5 /* PokemonDetailView.swift in Sources */,
				D5D5030B2E39344500AC4BC5 /* ViewModifiers.swift in Sources */,
				D58C0DFB2E398709003098EC /* BookmarksView.swift in Sources */,
				D55130672E3C0BB10004A44B /* ImageColorAnalyzerKey.swift in Sources */,
				9332C0E0273F2A36003AF377 /* Color.swift in Sources */,
				9332C0D7273F1DA6003AF377 /* PokemonService.swift in Sources */,
				D54F5AA22E1D9FF800411759 /* PokemonViewModel.swift in Sources */,
				D5164F752E22707700E3EC8D /* String.swift in Sources */,
				D545C2F42E242F5E007F1BBA /* ItemDetailViewModel.swift in Sources */,
				D5D503092E39305500AC4BC5 /* Tabs.swift in Sources */,
				D5F6494B2E30F9D8004FBD18 /* ItemSpriteViewModel.swift in Sources */,
				D573660C2E2115FA00FE4ED0 /* Endpoints.swift in Sources */,
				9332C0F2273F5454003AF377 /* UIImage.swift in Sources */,
				D51DA2572E3409E900028782 /* GridLayout.swift in Sources */,
				D58F8D992E3970F300BB9A45 /* SortType.swift in Sources */,
				D55D580C2E204BBC008F1B16 /* Font.swift in Sources */,
				D57366002E2110E000FE4ED0 /* ItemListViewModel.swift in Sources */,
				D58C0E062E3A6D63003098EC /* PokemonModels.swift in Sources */,
				D5D6250D2E2194230030867D /* ItemDetailView.swift in Sources */,
				D573661B2E2176AC00FE4ED0 /* ItemService.swift in Sources */,
				D55130652E3C0B2D0004A44B /* HapticFeedbackKey.swift in Sources */,
				D55130632E3C0B2A0004A44B /* AudioPlayerKey.swift in Sources */,
				D54F5AF22E1DA61400411759 /* PokedexViewModel.swift in Sources */,
				9396D23A273EBBED00AF0C94 /* PokedexUIApp.swift in Sources */,
				D573661D2E217D5700FE4ED0 /* APIService.swift in Sources */,
				D5329F3B2E29351500DC38B3 /* AudioPlayer.swift in Sources */,
				D5D4590E2E40F28600ADB89A /* PokemonDetailViewModel.swift in Sources */,
			);
			runOnlyForDeploymentPostprocessing = 0;
		};
/* End PBXSourcesBuildPhase section */

/* Begin XCBuildConfiguration section */
		9396D242273EBBEE00AF0C94 /* Debug */ = {
			isa = XCBuildConfiguration;
			buildSettings = {
				ALWAYS_SEARCH_USER_PATHS = NO;
				ASSETCATALOG_COMPILER_GENERATE_SWIFT_ASSET_SYMBOL_EXTENSIONS = YES;
				CLANG_ANALYZER_NONNULL = YES;
				CLANG_ANALYZER_NUMBER_OBJECT_CONVERSION = YES_AGGRESSIVE;
				CLANG_CXX_LANGUAGE_STANDARD = "gnu++17";
				CLANG_CXX_LIBRARY = "libc++";
				CLANG_ENABLE_MODULES = YES;
				CLANG_ENABLE_OBJC_ARC = YES;
				CLANG_ENABLE_OBJC_WEAK = YES;
				CLANG_WARN_BLOCK_CAPTURE_AUTORELEASING = YES;
				CLANG_WARN_BOOL_CONVERSION = YES;
				CLANG_WARN_COMMA = YES;
				CLANG_WARN_CONSTANT_CONVERSION = YES;
				CLANG_WARN_DEPRECATED_OBJC_IMPLEMENTATIONS = YES;
				CLANG_WARN_DIRECT_OBJC_ISA_USAGE = YES_ERROR;
				CLANG_WARN_DOCUMENTATION_COMMENTS = YES;
				CLANG_WARN_EMPTY_BODY = YES;
				CLANG_WARN_ENUM_CONVERSION = YES;
				CLANG_WARN_INFINITE_RECURSION = YES;
				CLANG_WARN_INT_CONVERSION = YES;
				CLANG_WARN_NON_LITERAL_NULL_CONVERSION = YES;
				CLANG_WARN_OBJC_IMPLICIT_RETAIN_SELF = YES;
				CLANG_WARN_OBJC_LITERAL_CONVERSION = YES;
				CLANG_WARN_OBJC_ROOT_CLASS = YES_ERROR;
				CLANG_WARN_QUOTED_INCLUDE_IN_FRAMEWORK_HEADER = YES;
				CLANG_WARN_RANGE_LOOP_ANALYSIS = YES;
				CLANG_WARN_STRICT_PROTOTYPES = YES;
				CLANG_WARN_SUSPICIOUS_MOVE = YES;
				CLANG_WARN_UNGUARDED_AVAILABILITY = YES_AGGRESSIVE;
				CLANG_WARN_UNREACHABLE_CODE = YES;
				CLANG_WARN__DUPLICATE_METHOD_MATCH = YES;
				COPY_PHASE_STRIP = NO;
				DEBUG_INFORMATION_FORMAT = dwarf;
				DEVELOPMENT_TEAM = V39999UVRP;
				ENABLE_STRICT_OBJC_MSGSEND = YES;
				ENABLE_TESTABILITY = YES;
				ENABLE_USER_SCRIPT_SANDBOXING = YES;
				GCC_C_LANGUAGE_STANDARD = gnu11;
				GCC_DYNAMIC_NO_PIC = NO;
				GCC_NO_COMMON_BLOCKS = YES;
				GCC_OPTIMIZATION_LEVEL = 0;
				GCC_PREPROCESSOR_DEFINITIONS = (
					"DEBUG=1",
					"$(inherited)",
				);
				GCC_WARN_64_TO_32_BIT_CONVERSION = YES;
				GCC_WARN_ABOUT_RETURN_TYPE = YES_ERROR;
				GCC_WARN_UNDECLARED_SELECTOR = YES;
				GCC_WARN_UNINITIALIZED_AUTOS = YES_AGGRESSIVE;
				GCC_WARN_UNUSED_FUNCTION = YES;
				GCC_WARN_UNUSED_VARIABLE = YES;
				IPHONEOS_DEPLOYMENT_TARGET = 26.0;
				MTL_ENABLE_DEBUG_INFO = INCLUDE_SOURCE;
				MTL_FAST_MATH = YES;
				ONLY_ACTIVE_ARCH = YES;
				SDKROOT = iphoneos;
				STRING_CATALOG_GENERATE_SYMBOLS = YES;
				SWIFT_ACTIVE_COMPILATION_CONDITIONS = DEBUG;
				SWIFT_OPTIMIZATION_LEVEL = "-Onone";
			};
			name = Debug;
		};
		9396D243273EBBEE00AF0C94 /* Release */ = {
			isa = XCBuildConfiguration;
			buildSettings = {
				ALWAYS_SEARCH_USER_PATHS = NO;
				ASSETCATALOG_COMPILER_GENERATE_SWIFT_ASSET_SYMBOL_EXTENSIONS = YES;
				CLANG_ANALYZER_NONNULL = YES;
				CLANG_ANALYZER_NUMBER_OBJECT_CONVERSION = YES_AGGRESSIVE;
				CLANG_CXX_LANGUAGE_STANDARD = "gnu++17";
				CLANG_CXX_LIBRARY = "libc++";
				CLANG_ENABLE_MODULES = YES;
				CLANG_ENABLE_OBJC_ARC = YES;
				CLANG_ENABLE_OBJC_WEAK = YES;
				CLANG_WARN_BLOCK_CAPTURE_AUTORELEASING = YES;
				CLANG_WARN_BOOL_CONVERSION = YES;
				CLANG_WARN_COMMA = YES;
				CLANG_WARN_CONSTANT_CONVERSION = YES;
				CLANG_WARN_DEPRECATED_OBJC_IMPLEMENTATIONS = YES;
				CLANG_WARN_DIRECT_OBJC_ISA_USAGE = YES_ERROR;
				CLANG_WARN_DOCUMENTATION_COMMENTS = YES;
				CLANG_WARN_EMPTY_BODY = YES;
				CLANG_WARN_ENUM_CONVERSION = YES;
				CLANG_WARN_INFINITE_RECURSION = YES;
				CLANG_WARN_INT_CONVERSION = YES;
				CLANG_WARN_NON_LITERAL_NULL_CONVERSION = YES;
				CLANG_WARN_OBJC_IMPLICIT_RETAIN_SELF = YES;
				CLANG_WARN_OBJC_LITERAL_CONVERSION = YES;
				CLANG_WARN_OBJC_ROOT_CLASS = YES_ERROR;
				CLANG_WARN_QUOTED_INCLUDE_IN_FRAMEWORK_HEADER = YES;
				CLANG_WARN_RANGE_LOOP_ANALYSIS = YES;
				CLANG_WARN_STRICT_PROTOTYPES = YES;
				CLANG_WARN_SUSPICIOUS_MOVE = YES;
				CLANG_WARN_UNGUARDED_AVAILABILITY = YES_AGGRESSIVE;
				CLANG_WARN_UNREACHABLE_CODE = YES;
				CLANG_WARN__DUPLICATE_METHOD_MATCH = YES;
				COPY_PHASE_STRIP = NO;
				DEBUG_INFORMATION_FORMAT = "dwarf-with-dsym";
				DEVELOPMENT_TEAM = V39999UVRP;
				ENABLE_NS_ASSERTIONS = NO;
				ENABLE_STRICT_OBJC_MSGSEND = YES;
				ENABLE_USER_SCRIPT_SANDBOXING = YES;
				GCC_C_LANGUAGE_STANDARD = gnu11;
				GCC_NO_COMMON_BLOCKS = YES;
				GCC_WARN_64_TO_32_BIT_CONVERSION = YES;
				GCC_WARN_ABOUT_RETURN_TYPE = YES_ERROR;
				GCC_WARN_UNDECLARED_SELECTOR = YES;
				GCC_WARN_UNINITIALIZED_AUTOS = YES_AGGRESSIVE;
				GCC_WARN_UNUSED_FUNCTION = YES;
				GCC_WARN_UNUSED_VARIABLE = YES;
				IPHONEOS_DEPLOYMENT_TARGET = 26.0;
				MTL_ENABLE_DEBUG_INFO = NO;
				MTL_FAST_MATH = YES;
				SDKROOT = iphoneos;
				STRING_CATALOG_GENERATE_SYMBOLS = YES;
				SWIFT_COMPILATION_MODE = wholemodule;
				SWIFT_OPTIMIZATION_LEVEL = "-O";
				VALIDATE_PRODUCT = YES;
			};
			name = Release;
		};
		9396D245273EBBEE00AF0C94 /* Debug */ = {
			isa = XCBuildConfiguration;
			buildSettings = {
				ASSETCATALOG_COMPILER_APPICON_NAME = AppIcon;
				ASSETCATALOG_COMPILER_GLOBAL_ACCENT_COLOR_NAME = AccentColor;
				CODE_SIGN_STYLE = Automatic;
				CURRENT_PROJECT_VERSION = 1;
				DEVELOPMENT_ASSET_PATHS = "\"PokedexUI/Preview Content\"";
				DEVELOPMENT_TEAM = 66RJ5B25LX;
				ENABLE_PREVIEWS = YES;
				GENERATE_INFOPLIST_FILE = YES;
				INFOPLIST_FILE = PokedexUI/Info.plist;
				INFOPLIST_KEY_CFBundleDisplayName = PokedexUI;
				INFOPLIST_KEY_UIApplicationSceneManifest_Generation = YES;
				INFOPLIST_KEY_UIApplicationSupportsIndirectInputEvents = YES;
				INFOPLIST_KEY_UILaunchScreen_Generation = YES;
				INFOPLIST_KEY_UISupportedInterfaceOrientations = UIInterfaceOrientationPortrait;
				INFOPLIST_KEY_UISupportedInterfaceOrientations_iPad = "UIInterfaceOrientationLandscapeLeft UIInterfaceOrientationLandscapeRight UIInterfaceOrientationPortrait UIInterfaceOrientationPortraitUpsideDown";
				IPHONEOS_DEPLOYMENT_TARGET = 26.0;
				LD_RUNPATH_SEARCH_PATHS = (
					"$(inherited)",
					"@executable_path/Frameworks",
				);
				MARKETING_VERSION = 1.0;
				PRODUCT_BUNDLE_IDENTIFIER = com.viktorgidlof.PokedexUI;
				PRODUCT_NAME = "$(TARGET_NAME)";
				SWIFT_EMIT_LOC_STRINGS = YES;
				SWIFT_VERSION = 5.0;
				TARGETED_DEVICE_FAMILY = "1,2";
			};
			name = Debug;
		};
		9396D246273EBBEE00AF0C94 /* Release */ = {
			isa = XCBuildConfiguration;
			buildSettings = {
				ASSETCATALOG_COMPILER_APPICON_NAME = AppIcon;
				ASSETCATALOG_COMPILER_GLOBAL_ACCENT_COLOR_NAME = AccentColor;
				CODE_SIGN_STYLE = Automatic;
				CURRENT_PROJECT_VERSION = 1;
				DEVELOPMENT_ASSET_PATHS = "\"PokedexUI/Preview Content\"";
				DEVELOPMENT_TEAM = 66RJ5B25LX;
				ENABLE_PREVIEWS = YES;
				GENERATE_INFOPLIST_FILE = YES;
				INFOPLIST_FILE = PokedexUI/Info.plist;
				INFOPLIST_KEY_CFBundleDisplayName = PokedexUI;
				INFOPLIST_KEY_UIApplicationSceneManifest_Generation = YES;
				INFOPLIST_KEY_UIApplicationSupportsIndirectInputEvents = YES;
				INFOPLIST_KEY_UILaunchScreen_Generation = YES;
				INFOPLIST_KEY_UISupportedInterfaceOrientations = UIInterfaceOrientationPortrait;
				INFOPLIST_KEY_UISupportedInterfaceOrientations_iPad = "UIInterfaceOrientationLandscapeLeft UIInterfaceOrientationLandscapeRight UIInterfaceOrientationPortrait UIInterfaceOrientationPortraitUpsideDown";
				IPHONEOS_DEPLOYMENT_TARGET = 26.0;
				LD_RUNPATH_SEARCH_PATHS = (
					"$(inherited)",
					"@executable_path/Frameworks",
				);
				MARKETING_VERSION = 1.0;
				PRODUCT_BUNDLE_IDENTIFIER = com.viktorgidlof.PokedexUI;
				PRODUCT_NAME = "$(TARGET_NAME)";
				SWIFT_EMIT_LOC_STRINGS = YES;
				SWIFT_VERSION = 5.0;
				TARGETED_DEVICE_FAMILY = "1,2";
			};
			name = Release;
		};
/* End XCBuildConfiguration section */

/* Begin XCConfigurationList section */
		9396D231273EBBED00AF0C94 /* Build configuration list for PBXProject "PokedexUI" */ = {
			isa = XCConfigurationList;
			buildConfigurations = (
				9396D242273EBBEE00AF0C94 /* Debug */,
				9396D243273EBBEE00AF0C94 /* Release */,
			);
			defaultConfigurationIsVisible = 0;
			defaultConfigurationName = Release;
		};
		9396D244273EBBEE00AF0C94 /* Build configuration list for PBXNativeTarget "PokedexUI" */ = {
			isa = XCConfigurationList;
			buildConfigurations = (
				9396D245273EBBEE00AF0C94 /* Debug */,
				9396D246273EBBEE00AF0C94 /* Release */,
			);
			defaultConfigurationIsVisible = 0;
			defaultConfigurationName = Release;
		};
/* End XCConfigurationList section */

/* Begin XCRemoteSwiftPackageReference section */
		D57366012E2114C100FE4ED0 /* XCRemoteSwiftPackageReference "Networking" */ = {
			isa = XCRemoteSwiftPackageReference;
			repositoryURL = "https://github.com/brillcp/Networking";
			requirement = {
				kind = upToNextMajorVersion;
				minimumVersion = 0.9.3;
			};
		};
/* End XCRemoteSwiftPackageReference section */

/* Begin XCSwiftPackageProductDependency section */
		D57366022E2114C100FE4ED0 /* Networking */ = {
			isa = XCSwiftPackageProductDependency;
			package = D57366012E2114C100FE4ED0 /* XCRemoteSwiftPackageReference "Networking" */;
			productName = Networking;
		};
/* End XCSwiftPackageProductDependency section */
	};
	rootObject = 9396D22E273EBBED00AF0C94 /* Project object */;
}
